
Microsoft Visual Studio Solution File, Format Version 12.00
# Visual Studio 15
VisualStudioVersion = 15.0.27703.2035
MinimumVisualStudioVersion = 10.0.40219.1
Project("{FAE04EC0-301F-11D3-BF4B-00C04F79EFBC}") = "ThreadingExample", "ThreadingExample\ThreadingExample.csproj", "{849A293A-F7DD-4916-996F-10151C189912}"
EndProject
Project("{FAE04EC0-301F-11D3-BF4B-00C04F79EFBC}") = "ThreadCallBackExample", "ThreadCallBackExample\ThreadCallBackExample.csproj", "{46EA5164-7AF9-4D85-80EC-44AE08FC44B3}"
EndProject
Global
	GlobalSection(SolutionConfigurationPlatforms) = preSolution
		Debug|Any CPU = Debug|Any CPU
		Release|Any CPU = Release|Any CPU
	EndGlobalSection
	GlobalSection(ProjectConfigurationPlatforms) = postSolution
		{849A293A-F7DD-4916-996F-10151C189912}.Debug|Any CPU.ActiveCfg = Debug|Any CPU
		{849A293A-F7DD-4916-996F-10151C189912}.Debug|Any CPU.Build.0 = Debug|Any CPU
		{849A293A-F7DD-4916-996F-10151C189912}.Release|Any CPU.ActiveCfg = Release|Any CPU
		{849A293A-F7DD-4916-996F-10151C189912}.Release|Any CPU.Build.0 = Release|Any CPU
		{46EA5164-7AF9-4D85-80EC-44AE08FC44B3}.Debug|Any CPU.ActiveCfg = Debug|Any CPU
		{46EA5164-7AF9-4D85-80EC-44AE08FC44B3}.Debug|Any CPU.Build.0 = Debug|Any CPU
		{46EA5164-7AF9-4D85-80EC-44AE08FC44B3}.Release|Any CPU.ActiveCfg = Release|Any CPU
		{46EA5164-7AF9-4D85-80EC-44AE08FC44B3}.Release|Any CPU.Build.0 = Release|Any CPU
	EndGlobalSection
	GlobalSection(SolutionProperties) = preSolution
		HideSolutionNode = FALSE
	EndGlobalSection
	GlobalSection(ExtensibilityGlobals) = postSolution
		SolutionGuid = {78A4E116-21B4-429E-A833-106E252F62C6}
	EndGlobalSection
EndGlobal
