
Microsoft Visual Studio Solution File, Format Version 12.00
# Visual Studio 15
VisualStudioVersion = 15.0.28307.168
MinimumVisualStudioVersion = 10.0.40219.1
Project("{FAE04EC0-301F-11D3-BF4B-00C04F79EFBC}") = "LibraryManagementSystem", "LibraryManagementSystem\LibraryManagementSystem.csproj", "{21BC4DE4-BAEF-4CB5-840E-6DB67EDFBBEF}"
EndProject
Global
	GlobalSection(SolutionConfigurationPlatforms) = preSolution
		Debug|Any CPU = Debug|Any CPU
		Release|Any CPU = Release|Any CPU
	EndGlobalSection
	GlobalSection(ProjectConfigurationPlatforms) = postSolution
		{21BC4DE4-BAEF-4CB5-840E-6DB67EDFBBEF}.Debug|Any CPU.ActiveCfg = Debug|Any CPU
		{21BC4DE4-BAEF-4CB5-840E-6DB67EDFBBEF}.Debug|Any CPU.Build.0 = Debug|Any CPU
		{21BC4DE4-BAEF-4CB5-840E-6DB67EDFBBEF}.Release|Any CPU.ActiveCfg = Release|Any CPU
		{21BC4DE4-BAEF-4CB5-840E-6DB67EDFBBEF}.Release|Any CPU.Build.0 = Release|Any CPU
	EndGlobalSection
	GlobalSection(SolutionProperties) = preSolution
		HideSolutionNode = FALSE
	EndGlobalSection
	GlobalSection(ExtensibilityGlobals) = postSolution
		SolutionGuid = {72978BB2-0E4F-41B7-AFAB-D7A22DAEFDC8}
	EndGlobalSection
EndGlobal
