
Microsoft Visual Studio Solution File, Format Version 12.00
# Visual Studio 15
VisualStudioVersion = 15.0.27703.2047
MinimumVisualStudioVersion = 10.0.40219.1
Project("{FAE04EC0-301F-11D3-BF4B-00C04F79EFBC}") = "FaultDemo", "FaultDemo\FaultDemo.csproj", "{F4B3276C-58BA-4E21-BA50-3E986A9254F0}"
EndProject
Global
	GlobalSection(SolutionConfigurationPlatforms) = preSolution
		Debug|Any CPU = Debug|Any CPU
		Release|Any CPU = Release|Any CPU
	EndGlobalSection
	GlobalSection(ProjectConfigurationPlatforms) = postSolution
		{F4B3276C-58BA-4E21-BA50-3E986A9254F0}.Debug|Any CPU.ActiveCfg = Debug|Any CPU
		{F4B3276C-58BA-4E21-BA50-3E986A9254F0}.Debug|Any CPU.Build.0 = Debug|Any CPU
		{F4B3276C-58BA-4E21-BA50-3E986A9254F0}.Release|Any CPU.ActiveCfg = Release|Any CPU
		{F4B3276C-58BA-4E21-BA50-3E986A9254F0}.Release|Any CPU.Build.0 = Release|Any CPU
	EndGlobalSection
	GlobalSection(SolutionProperties) = preSolution
		HideSolutionNode = FALSE
	EndGlobalSection
	GlobalSection(ExtensibilityGlobals) = postSolution
		SolutionGuid = {3DBAD3A9-7413-4D34-B83B-139EE5A87043}
	EndGlobalSection
EndGlobal
