
Microsoft Visual Studio Solution File, Format Version 12.00
# Visual Studio 15
VisualStudioVersion = 15.0.27703.2035
MinimumVisualStudioVersion = 10.0.40219.1
Project("{FAE04EC0-301F-11D3-BF4B-00C04F79EFBC}") = "LinearGradientDemo", "LinearGradientDemo\LinearGradientDemo.csproj", "{5B55298C-299A-41BF-B6F3-9A3C5BDB7F60}"
EndProject
Global
	GlobalSection(SolutionConfigurationPlatforms) = preSolution
		Debug|Any CPU = Debug|Any CPU
		Release|Any CPU = Release|Any CPU
	EndGlobalSection
	GlobalSection(ProjectConfigurationPlatforms) = postSolution
		{5B55298C-299A-41BF-B6F3-9A3C5BDB7F60}.Debug|Any CPU.ActiveCfg = Debug|Any CPU
		{5B55298C-299A-41BF-B6F3-9A3C5BDB7F60}.Debug|Any CPU.Build.0 = Debug|Any CPU
		{5B55298C-299A-41BF-B6F3-9A3C5BDB7F60}.Release|Any CPU.ActiveCfg = Release|Any CPU
		{5B55298C-299A-41BF-B6F3-9A3C5BDB7F60}.Release|Any CPU.Build.0 = Release|Any CPU
	EndGlobalSection
	GlobalSection(SolutionProperties) = preSolution
		HideSolutionNode = FALSE
	EndGlobalSection
	GlobalSection(ExtensibilityGlobals) = postSolution
		SolutionGuid = {4C6A204D-B61C-4D26-AD2B-35B5AB0EDB9D}
	EndGlobalSection
EndGlobal
