
Microsoft Visual Studio Solution File, Format Version 12.00
# Visual Studio 15
VisualStudioVersion = 15.0.27703.2035
MinimumVisualStudioVersion = 10.0.40219.1
Project("{8BC9CEB8-8B4A-11D0-8D11-00A0C91BC942}") = "CalculateTypeSize", "CalculateTypeSize\CalculateTypeSize.vcxproj", "{52779C74-7B6B-445C-9B3A-569BDD6179AF}"
EndProject
Project("{8BC9CEB8-8B4A-11D0-8D11-00A0C91BC942}") = "ClassDemo", "ClassDemo\ClassDemo.vcxproj", "{FBF3C72E-5662-49B7-813D-7028A691CDAA}"
EndProject
Project("{8BC9CEB8-8B4A-11D0-8D11-00A0C91BC942}") = "StringDemo", "StringDemo\StringDemo.vcxproj", "{8A87C1C8-8E9A-444F-B8B8-D6F6F978022A}"
EndProject
Project("{8BC9CEB8-8B4A-11D0-8D11-00A0C91BC942}") = "FunctionPointDemo", "FunctionPointDemo\FunctionPointDemo.vcxproj", "{CADBB8D7-E6A3-4100-870F-D6452E8143EA}"
EndProject
Project("{8BC9CEB8-8B4A-11D0-8D11-00A0C91BC942}") = "StructDemo", "StructDemo\StructDemo.vcxproj", "{3E6DFD92-02B1-41FB-B89A-887E9AD91CFA}"
EndProject
Project("{8BC9CEB8-8B4A-11D0-8D11-00A0C91BC942}") = "BitFieldDemo", "BitFieldDemo\BitFieldDemo.vcxproj", "{16656B51-7299-4975-84D6-533AC49C23E8}"
EndProject
Project("{8BC9CEB8-8B4A-11D0-8D11-00A0C91BC942}") = "ReadXlsx", "ReadXlsx\ReadXlsx.vcxproj", "{DA513A36-10EF-40E4-B5C7-4272B3D7D985}"
EndProject
Project("{8BC9CEB8-8B4A-11D0-8D11-00A0C91BC942}") = "TypedefDemo", "TypedefDemo\TypedefDemo.vcxproj", "{87479D80-D968-4BB7-97CD-DD628A1E4B76}"
EndProject
Project("{8BC9CEB8-8B4A-11D0-8D11-00A0C91BC942}") = "InputOutputDemo", "InputOutputDemo\InputOutputDemo.vcxproj", "{1A24BF81-7CD6-4C13-817E-4CBFD8AEF3A6}"
EndProject
Project("{8BC9CEB8-8B4A-11D0-8D11-00A0C91BC942}") = "PointerExample", "PointerExample\PointerExample.vcxproj", "{D81030BB-677F-4FB6-9188-64F914AC15B2}"
EndProject
Project("{8BC9CEB8-8B4A-11D0-8D11-00A0C91BC942}") = "FilePionterExample", "FilePionterExample\FilePionterExample.vcxproj", "{2E5C4126-C19D-48C8-AB7D-D7416B1E69B7}"
EndProject
Project("{8BC9CEB8-8B4A-11D0-8D11-00A0C91BC942}") = "BinaryFileExample", "BinaryFileExample\BinaryFileExample.vcxproj", "{1485DF1A-6061-44EC-B3C4-759CAD36F4C8}"
EndProject
Project("{8BC9CEB8-8B4A-11D0-8D11-00A0C91BC942}") = "MacroExample", "MacroExample\MacroExample.vcxproj", "{EE56E97F-A8D7-4379-B2E3-495FA1E8ABB1}"
EndProject
Project("{8BC9CEB8-8B4A-11D0-8D11-00A0C91BC942}") = "ErrorHandlerExample", "ErrorHandlerExample\ErrorHandlerExample.vcxproj", "{0F32E412-0973-406B-A72B-E50C0832C08C}"
EndProject
Project("{8BC9CEB8-8B4A-11D0-8D11-00A0C91BC942}") = "RecursionExample", "RecursionExample\RecursionExample.vcxproj", "{71D1F1B8-D3BB-412E-B505-7957B5615B5D}"
EndProject
Project("{8BC9CEB8-8B4A-11D0-8D11-00A0C91BC942}") = "VariableParamsExample", "VariableParamsExample\VariableParamsExample.vcxproj", "{7C4FE9FE-C7AA-4F5E-8798-862547499432}"
EndProject
Project("{8BC9CEB8-8B4A-11D0-8D11-00A0C91BC942}") = "MemoryManagerExample", "MemoryManagerExample\MemoryManagerExample.vcxproj", "{2BCC0788-8457-4FA0-846A-9E15770DA77D}"
EndProject
Project("{8BC9CEB8-8B4A-11D0-8D11-00A0C91BC942}") = "CArgumentsExample", "CArgumentsExample\CArgumentsExample.vcxproj", "{1B24DB38-8A41-4517-8D26-3639D523F95D}"
EndProject
Global
	GlobalSection(SolutionConfigurationPlatforms) = preSolution
		Debug|x64 = Debug|x64
		Debug|x86 = Debug|x86
		Release|x64 = Release|x64
		Release|x86 = Release|x86
	EndGlobalSection
	GlobalSection(ProjectConfigurationPlatforms) = postSolution
		{52779C74-7B6B-445C-9B3A-569BDD6179AF}.Debug|x64.ActiveCfg = Debug|x64
		{52779C74-7B6B-445C-9B3A-569BDD6179AF}.Debug|x64.Build.0 = Debug|x64
		{52779C74-7B6B-445C-9B3A-569BDD6179AF}.Debug|x86.ActiveCfg = Debug|Win32
		{52779C74-7B6B-445C-9B3A-569BDD6179AF}.Debug|x86.Build.0 = Debug|Win32
		{52779C74-7B6B-445C-9B3A-569BDD6179AF}.Release|x64.ActiveCfg = Release|x64
		{52779C74-7B6B-445C-9B3A-569BDD6179AF}.Release|x64.Build.0 = Release|x64
		{52779C74-7B6B-445C-9B3A-569BDD6179AF}.Release|x86.ActiveCfg = Release|Win32
		{52779C74-7B6B-445C-9B3A-569BDD6179AF}.Release|x86.Build.0 = Release|Win32
		{FBF3C72E-5662-49B7-813D-7028A691CDAA}.Debug|x64.ActiveCfg = Debug|x64
		{FBF3C72E-5662-49B7-813D-7028A691CDAA}.Debug|x64.Build.0 = Debug|x64
		{FBF3C72E-5662-49B7-813D-7028A691CDAA}.Debug|x86.ActiveCfg = Debug|Win32
		{FBF3C72E-5662-49B7-813D-7028A691CDAA}.Debug|x86.Build.0 = Debug|Win32
		{FBF3C72E-5662-49B7-813D-7028A691CDAA}.Release|x64.ActiveCfg = Release|x64
		{FBF3C72E-5662-49B7-813D-7028A691CDAA}.Release|x64.Build.0 = Release|x64
		{FBF3C72E-5662-49B7-813D-7028A691CDAA}.Release|x86.ActiveCfg = Release|Win32
		{FBF3C72E-5662-49B7-813D-7028A691CDAA}.Release|x86.Build.0 = Release|Win32
		{8A87C1C8-8E9A-444F-B8B8-D6F6F978022A}.Debug|x64.ActiveCfg = Debug|x64
		{8A87C1C8-8E9A-444F-B8B8-D6F6F978022A}.Debug|x64.Build.0 = Debug|x64
		{8A87C1C8-8E9A-444F-B8B8-D6F6F978022A}.Debug|x86.ActiveCfg = Debug|Win32
		{8A87C1C8-8E9A-444F-B8B8-D6F6F978022A}.Debug|x86.Build.0 = Debug|Win32
		{8A87C1C8-8E9A-444F-B8B8-D6F6F978022A}.Release|x64.ActiveCfg = Release|x64
		{8A87C1C8-8E9A-444F-B8B8-D6F6F978022A}.Release|x64.Build.0 = Release|x64
		{8A87C1C8-8E9A-444F-B8B8-D6F6F978022A}.Release|x86.ActiveCfg = Release|Win32
		{8A87C1C8-8E9A-444F-B8B8-D6F6F978022A}.Release|x86.Build.0 = Release|Win32
		{CADBB8D7-E6A3-4100-870F-D6452E8143EA}.Debug|x64.ActiveCfg = Debug|x64
		{CADBB8D7-E6A3-4100-870F-D6452E8143EA}.Debug|x64.Build.0 = Debug|x64
		{CADBB8D7-E6A3-4100-870F-D6452E8143EA}.Debug|x86.ActiveCfg = Debug|Win32
		{CADBB8D7-E6A3-4100-870F-D6452E8143EA}.Debug|x86.Build.0 = Debug|Win32
		{CADBB8D7-E6A3-4100-870F-D6452E8143EA}.Release|x64.ActiveCfg = Release|x64
		{CADBB8D7-E6A3-4100-870F-D6452E8143EA}.Release|x64.Build.0 = Release|x64
		{CADBB8D7-E6A3-4100-870F-D6452E8143EA}.Release|x86.ActiveCfg = Release|Win32
		{CADBB8D7-E6A3-4100-870F-D6452E8143EA}.Release|x86.Build.0 = Release|Win32
		{3E6DFD92-02B1-41FB-B89A-887E9AD91CFA}.Debug|x64.ActiveCfg = Debug|x64
		{3E6DFD92-02B1-41FB-B89A-887E9AD91CFA}.Debug|x64.Build.0 = Debug|x64
		{3E6DFD92-02B1-41FB-B89A-887E9AD91CFA}.Debug|x86.ActiveCfg = Debug|Win32
		{3E6DFD92-02B1-41FB-B89A-887E9AD91CFA}.Debug|x86.Build.0 = Debug|Win32
		{3E6DFD92-02B1-41FB-B89A-887E9AD91CFA}.Release|x64.ActiveCfg = Release|x64
		{3E6DFD92-02B1-41FB-B89A-887E9AD91CFA}.Release|x64.Build.0 = Release|x64
		{3E6DFD92-02B1-41FB-B89A-887E9AD91CFA}.Release|x86.ActiveCfg = Release|Win32
		{3E6DFD92-02B1-41FB-B89A-887E9AD91CFA}.Release|x86.Build.0 = Release|Win32
		{16656B51-7299-4975-84D6-533AC49C23E8}.Debug|x64.ActiveCfg = Debug|x64
		{16656B51-7299-4975-84D6-533AC49C23E8}.Debug|x64.Build.0 = Debug|x64
		{16656B51-7299-4975-84D6-533AC49C23E8}.Debug|x86.ActiveCfg = Debug|Win32
		{16656B51-7299-4975-84D6-533AC49C23E8}.Debug|x86.Build.0 = Debug|Win32
		{16656B51-7299-4975-84D6-533AC49C23E8}.Release|x64.ActiveCfg = Release|x64
		{16656B51-7299-4975-84D6-533AC49C23E8}.Release|x64.Build.0 = Release|x64
		{16656B51-7299-4975-84D6-533AC49C23E8}.Release|x86.ActiveCfg = Release|Win32
		{16656B51-7299-4975-84D6-533AC49C23E8}.Release|x86.Build.0 = Release|Win32
		{DA513A36-10EF-40E4-B5C7-4272B3D7D985}.Debug|x64.ActiveCfg = Debug|x64
		{DA513A36-10EF-40E4-B5C7-4272B3D7D985}.Debug|x64.Build.0 = Debug|x64
		{DA513A36-10EF-40E4-B5C7-4272B3D7D985}.Debug|x86.ActiveCfg = Debug|Win32
		{DA513A36-10EF-40E4-B5C7-4272B3D7D985}.Debug|x86.Build.0 = Debug|Win32
		{DA513A36-10EF-40E4-B5C7-4272B3D7D985}.Release|x64.ActiveCfg = Release|x64
		{DA513A36-10EF-40E4-B5C7-4272B3D7D985}.Release|x64.Build.0 = Release|x64
		{DA513A36-10EF-40E4-B5C7-4272B3D7D985}.Release|x86.ActiveCfg = Release|Win32
		{DA513A36-10EF-40E4-B5C7-4272B3D7D985}.Release|x86.Build.0 = Release|Win32
		{87479D80-D968-4BB7-97CD-DD628A1E4B76}.Debug|x64.ActiveCfg = Debug|x64
		{87479D80-D968-4BB7-97CD-DD628A1E4B76}.Debug|x64.Build.0 = Debug|x64
		{87479D80-D968-4BB7-97CD-DD628A1E4B76}.Debug|x86.ActiveCfg = Debug|Win32
		{87479D80-D968-4BB7-97CD-DD628A1E4B76}.Debug|x86.Build.0 = Debug|Win32
		{87479D80-D968-4BB7-97CD-DD628A1E4B76}.Release|x64.ActiveCfg = Release|x64
		{87479D80-D968-4BB7-97CD-DD628A1E4B76}.Release|x64.Build.0 = Release|x64
		{87479D80-D968-4BB7-97CD-DD628A1E4B76}.Release|x86.ActiveCfg = Release|Win32
		{87479D80-D968-4BB7-97CD-DD628A1E4B76}.Release|x86.Build.0 = Release|Win32
		{1A24BF81-7CD6-4C13-817E-4CBFD8AEF3A6}.Debug|x64.ActiveCfg = Debug|x64
		{1A24BF81-7CD6-4C13-817E-4CBFD8AEF3A6}.Debug|x64.Build.0 = Debug|x64
		{1A24BF81-7CD6-4C13-817E-4CBFD8AEF3A6}.Debug|x86.ActiveCfg = Debug|Win32
		{1A24BF81-7CD6-4C13-817E-4CBFD8AEF3A6}.Debug|x86.Build.0 = Debug|Win32
		{1A24BF81-7CD6-4C13-817E-4CBFD8AEF3A6}.Release|x64.ActiveCfg = Release|x64
		{1A24BF81-7CD6-4C13-817E-4CBFD8AEF3A6}.Release|x64.Build.0 = Release|x64
		{1A24BF81-7CD6-4C13-817E-4CBFD8AEF3A6}.Release|x86.ActiveCfg = Release|Win32
		{1A24BF81-7CD6-4C13-817E-4CBFD8AEF3A6}.Release|x86.Build.0 = Release|Win32
		{D81030BB-677F-4FB6-9188-64F914AC15B2}.Debug|x64.ActiveCfg = Debug|x64
		{D81030BB-677F-4FB6-9188-64F914AC15B2}.Debug|x64.Build.0 = Debug|x64
		{D81030BB-677F-4FB6-9188-64F914AC15B2}.Debug|x86.ActiveCfg = Debug|Win32
		{D81030BB-677F-4FB6-9188-64F914AC15B2}.Debug|x86.Build.0 = Debug|Win32
		{D81030BB-677F-4FB6-9188-64F914AC15B2}.Release|x64.ActiveCfg = Release|x64
		{D81030BB-677F-4FB6-9188-64F914AC15B2}.Release|x64.Build.0 = Release|x64
		{D81030BB-677F-4FB6-9188-64F914AC15B2}.Release|x86.ActiveCfg = Release|Win32
		{D81030BB-677F-4FB6-9188-64F914AC15B2}.Release|x86.Build.0 = Release|Win32
		{2E5C4126-C19D-48C8-AB7D-D7416B1E69B7}.Debug|x64.ActiveCfg = Debug|x64
		{2E5C4126-C19D-48C8-AB7D-D7416B1E69B7}.Debug|x64.Build.0 = Debug|x64
		{2E5C4126-C19D-48C8-AB7D-D7416B1E69B7}.Debug|x86.ActiveCfg = Debug|Win32
		{2E5C4126-C19D-48C8-AB7D-D7416B1E69B7}.Debug|x86.Build.0 = Debug|Win32
		{2E5C4126-C19D-48C8-AB7D-D7416B1E69B7}.Release|x64.ActiveCfg = Release|x64
		{2E5C4126-C19D-48C8-AB7D-D7416B1E69B7}.Release|x64.Build.0 = Release|x64
		{2E5C4126-C19D-48C8-AB7D-D7416B1E69B7}.Release|x86.ActiveCfg = Release|Win32
		{2E5C4126-C19D-48C8-AB7D-D7416B1E69B7}.Release|x86.Build.0 = Release|Win32
		{1485DF1A-6061-44EC-B3C4-759CAD36F4C8}.Debug|x64.ActiveCfg = Debug|x64
		{1485DF1A-6061-44EC-B3C4-759CAD36F4C8}.Debug|x64.Build.0 = Debug|x64
		{1485DF1A-6061-44EC-B3C4-759CAD36F4C8}.Debug|x86.ActiveCfg = Debug|Win32
		{1485DF1A-6061-44EC-B3C4-759CAD36F4C8}.Debug|x86.Build.0 = Debug|Win32
		{1485DF1A-6061-44EC-B3C4-759CAD36F4C8}.Release|x64.ActiveCfg = Release|x64
		{1485DF1A-6061-44EC-B3C4-759CAD36F4C8}.Release|x64.Build.0 = Release|x64
		{1485DF1A-6061-44EC-B3C4-759CAD36F4C8}.Release|x86.ActiveCfg = Release|Win32
		{1485DF1A-6061-44EC-B3C4-759CAD36F4C8}.Release|x86.Build.0 = Release|Win32
		{EE56E97F-A8D7-4379-B2E3-495FA1E8ABB1}.Debug|x64.ActiveCfg = Debug|x64
		{EE56E97F-A8D7-4379-B2E3-495FA1E8ABB1}.Debug|x64.Build.0 = Debug|x64
		{EE56E97F-A8D7-4379-B2E3-495FA1E8ABB1}.Debug|x86.ActiveCfg = Debug|Win32
		{EE56E97F-A8D7-4379-B2E3-495FA1E8ABB1}.Debug|x86.Build.0 = Debug|Win32
		{EE56E97F-A8D7-4379-B2E3-495FA1E8ABB1}.Release|x64.ActiveCfg = Release|x64
		{EE56E97F-A8D7-4379-B2E3-495FA1E8ABB1}.Release|x64.Build.0 = Release|x64
		{EE56E97F-A8D7-4379-B2E3-495FA1E8ABB1}.Release|x86.ActiveCfg = Release|Win32
		{EE56E97F-A8D7-4379-B2E3-495FA1E8ABB1}.Release|x86.Build.0 = Release|Win32
		{0F32E412-0973-406B-A72B-E50C0832C08C}.Debug|x64.ActiveCfg = Debug|x64
		{0F32E412-0973-406B-A72B-E50C0832C08C}.Debug|x64.Build.0 = Debug|x64
		{0F32E412-0973-406B-A72B-E50C0832C08C}.Debug|x86.ActiveCfg = Debug|Win32
		{0F32E412-0973-406B-A72B-E50C0832C08C}.Debug|x86.Build.0 = Debug|Win32
		{0F32E412-0973-406B-A72B-E50C0832C08C}.Release|x64.ActiveCfg = Release|x64
		{0F32E412-0973-406B-A72B-E50C0832C08C}.Release|x64.Build.0 = Release|x64
		{0F32E412-0973-406B-A72B-E50C0832C08C}.Release|x86.ActiveCfg = Release|Win32
		{0F32E412-0973-406B-A72B-E50C0832C08C}.Release|x86.Build.0 = Release|Win32
		{71D1F1B8-D3BB-412E-B505-7957B5615B5D}.Debug|x64.ActiveCfg = Debug|x64
		{71D1F1B8-D3BB-412E-B505-7957B5615B5D}.Debug|x64.Build.0 = Debug|x64
		{71D1F1B8-D3BB-412E-B505-7957B5615B5D}.Debug|x86.ActiveCfg = Debug|Win32
		{71D1F1B8-D3BB-412E-B505-7957B5615B5D}.Debug|x86.Build.0 = Debug|Win32
		{71D1F1B8-D3BB-412E-B505-7957B5615B5D}.Release|x64.ActiveCfg = Release|x64
		{71D1F1B8-D3BB-412E-B505-7957B5615B5D}.Release|x64.Build.0 = Release|x64
		{71D1F1B8-D3BB-412E-B505-7957B5615B5D}.Release|x86.ActiveCfg = Release|Win32
		{71D1F1B8-D3BB-412E-B505-7957B5615B5D}.Release|x86.Build.0 = Release|Win32
		{7C4FE9FE-C7AA-4F5E-8798-862547499432}.Debug|x64.ActiveCfg = Debug|x64
		{7C4FE9FE-C7AA-4F5E-8798-862547499432}.Debug|x64.Build.0 = Debug|x64
		{7C4FE9FE-C7AA-4F5E-8798-862547499432}.Debug|x86.ActiveCfg = Debug|Win32
		{7C4FE9FE-C7AA-4F5E-8798-862547499432}.Debug|x86.Build.0 = Debug|Win32
		{7C4FE9FE-C7AA-4F5E-8798-862547499432}.Release|x64.ActiveCfg = Release|x64
		{7C4FE9FE-C7AA-4F5E-8798-862547499432}.Release|x64.Build.0 = Release|x64
		{7C4FE9FE-C7AA-4F5E-8798-862547499432}.Release|x86.ActiveCfg = Release|Win32
		{7C4FE9FE-C7AA-4F5E-8798-862547499432}.Release|x86.Build.0 = Release|Win32
		{2BCC0788-8457-4FA0-846A-9E15770DA77D}.Debug|x64.ActiveCfg = Debug|x64
		{2BCC0788-8457-4FA0-846A-9E15770DA77D}.Debug|x64.Build.0 = Debug|x64
		{2BCC0788-8457-4FA0-846A-9E15770DA77D}.Debug|x86.ActiveCfg = Debug|Win32
		{2BCC0788-8457-4FA0-846A-9E15770DA77D}.Debug|x86.Build.0 = Debug|Win32
		{2BCC0788-8457-4FA0-846A-9E15770DA77D}.Release|x64.ActiveCfg = Release|x64
		{2BCC0788-8457-4FA0-846A-9E15770DA77D}.Release|x64.Build.0 = Release|x64
		{2BCC0788-8457-4FA0-846A-9E15770DA77D}.Release|x86.ActiveCfg = Release|Win32
		{2BCC0788-8457-4FA0-846A-9E15770DA77D}.Release|x86.Build.0 = Release|Win32
		{1B24DB38-8A41-4517-8D26-3639D523F95D}.Debug|x64.ActiveCfg = Debug|x64
		{1B24DB38-8A41-4517-8D26-3639D523F95D}.Debug|x64.Build.0 = Debug|x64
		{1B24DB38-8A41-4517-8D26-3639D523F95D}.Debug|x86.ActiveCfg = Debug|Win32
		{1B24DB38-8A41-4517-8D26-3639D523F95D}.Debug|x86.Build.0 = Debug|Win32
		{1B24DB38-8A41-4517-8D26-3639D523F95D}.Release|x64.ActiveCfg = Release|x64
		{1B24DB38-8A41-4517-8D26-3639D523F95D}.Release|x64.Build.0 = Release|x64
		{1B24DB38-8A41-4517-8D26-3639D523F95D}.Release|x86.ActiveCfg = Release|Win32
		{1B24DB38-8A41-4517-8D26-3639D523F95D}.Release|x86.Build.0 = Release|Win32
	EndGlobalSection
	GlobalSection(SolutionProperties) = preSolution
		HideSolutionNode = FALSE
	EndGlobalSection
	GlobalSection(ExtensibilityGlobals) = postSolution
		SolutionGuid = {15E43948-B6EB-47C7-BEA4-7FD9FA124D84}
	EndGlobalSection
EndGlobal
